{
    "_meta": {
        "hash": {
            "sha256": "43732e8eb11470648f3325336867d25424abe07087f866734918666fb5da8323"
        },
        "pipfile-spec": 6,
        "requires": {
            "python_full_version": "3.13.5",
            "python_version": "3.13"
        },
        "sources": [
            {
                "name": "pypi",
                "url": "https://pypi.org/simple",
                "verify_ssl": true
            }
        ]
    },
    "default": {},
    "develop": {}
}
